github.com/BenSnedeker/GoWiki v0.0.1 h1:PoWfgzAkoudupLkDuXx4WtV829HCVLKXGOtaHP8FTrE=
github.com/BenSnedeker/GoWiki v0.0.1/go.mod h1:s1Pcc1f5oMlX+c1wJuN60Hpy2LdFHDxE96VUNFKsMaw=
github.com/BenSnedeker/GoWiki v0.0.2 h1:6ds/NmNdmGXGDMP8Rt0rUOSGDAOeP0qbDdjeBS4ijno=
github.com/BenSnedeker/GoWiki v0.0.2/go.mod h1:s1Pcc1f5oMlX+c1wJuN60Hpy2LdFHDxE96VUNFKsMaw=
